
Microsoft Visual Studio Solution File, Format Version 12.00
# Visual Studio Version 16
VisualStudioVersion = 16.0.31613.86
MinimumVisualStudioVersion = 10.0.40219.1
Project("{9A19103F-16F7-4668-BE54-9A1E7A4F7556}") = "WorkPlaces", "WorkPlaces\WorkPlaces.csproj", "{AE3BAA4A-7942-4C8C-8EE2-A0344442F1B5}"
EndProject
Project("{9A19103F-16F7-4668-BE54-9A1E7A4F7556}") = "WorkPlaces.Service", "WorkPlaces.Service\WorkPlaces.Service.csproj", "{1E7C8ADB-C8AD-4B8D-A6C5-BFEFD139C98B}"
EndProject
Project("{9A19103F-16F7-4668-BE54-9A1E7A4F7556}") = "WorkPlaces.Data", "WorkPlaces.Data\WorkPlaces.Data.csproj", "{14542983-8F43-454C-97DA-2442E46F5496}"
EndProject
Project("{9A19103F-16F7-4668-BE54-9A1E7A4F7556}") = "WorkPlaces.DataModel", "WorkPlaces.DataModel\WorkPlaces.DataModel.csproj", "{CEB671EA-4E93-4ADA-9ADB-49177A29C880}"
EndProject
Project("{9A19103F-16F7-4668-BE54-9A1E7A4F7556}") = "WorkPlaces.Common", "WorkPlaces.Common\WorkPlaces.Common.csproj", "{6A4932FF-6FD3-46FE-A9D0-96CB2C5AD222}"
EndProject
Project("{2150E333-8FDC-42A3-9474-1A3956D46DE8}") = "Tests", "Tests", "{1E0DC80C-04C4-421B-B5A3-9AF26967F90A}"
EndProject
Project("{FAE04EC0-301F-11D3-BF4B-00C04F79EFBC}") = "WorkPlaces.Service.Tests", "WorkPlaces.Service.Tests\WorkPlaces.Service.Tests.csproj", "{776D1951-4E84-4063-8DB0-D5B14E19AF42}"
EndProject
Global
	GlobalSection(SolutionConfigurationPlatforms) = preSolution
		Debug|Any CPU = Debug|Any CPU
		Release|Any CPU = Release|Any CPU
	EndGlobalSection
	GlobalSection(ProjectConfigurationPlatforms) = postSolution
		{AE3BAA4A-7942-4C8C-8EE2-A0344442F1B5}.Debug|Any CPU.ActiveCfg = Debug|Any CPU
		{AE3BAA4A-7942-4C8C-8EE2-A0344442F1B5}.Debug|Any CPU.Build.0 = Debug|Any CPU
		{AE3BAA4A-7942-4C8C-8EE2-A0344442F1B5}.Release|Any CPU.ActiveCfg = Release|Any CPU
		{AE3BAA4A-7942-4C8C-8EE2-A0344442F1B5}.Release|Any CPU.Build.0 = Release|Any CPU
		{1E7C8ADB-C8AD-4B8D-A6C5-BFEFD139C98B}.Debug|Any CPU.ActiveCfg = Debug|Any CPU
		{1E7C8ADB-C8AD-4B8D-A6C5-BFEFD139C98B}.Debug|Any CPU.Build.0 = Debug|Any CPU
		{1E7C8ADB-C8AD-4B8D-A6C5-BFEFD139C98B}.Release|Any CPU.ActiveCfg = Release|Any CPU
		{1E7C8ADB-C8AD-4B8D-A6C5-BFEFD139C98B}.Release|Any CPU.Build.0 = Release|Any CPU
		{14542983-8F43-454C-97DA-2442E46F5496}.Debug|Any CPU.ActiveCfg = Debug|Any CPU
		{14542983-8F43-454C-97DA-2442E46F5496}.Debug|Any CPU.Build.0 = Debug|Any CPU
		{14542983-8F43-454C-97DA-2442E46F5496}.Release|Any CPU.ActiveCfg = Release|Any CPU
		{14542983-8F43-454C-97DA-2442E46F5496}.Release|Any CPU.Build.0 = Release|Any CPU
		{CEB671EA-4E93-4ADA-9ADB-49177A29C880}.Debug|Any CPU.ActiveCfg = Debug|Any CPU
		{CEB671EA-4E93-4ADA-9ADB-49177A29C880}.Debug|Any CPU.Build.0 = Debug|Any CPU
		{CEB671EA-4E93-4ADA-9ADB-49177A29C880}.Release|Any CPU.ActiveCfg = Release|Any CPU
		{CEB671EA-4E93-4ADA-9ADB-49177A29C880}.Release|Any CPU.Build.0 = Release|Any CPU
		{6A4932FF-6FD3-46FE-A9D0-96CB2C5AD222}.Debug|Any CPU.ActiveCfg = Debug|Any CPU
		{6A4932FF-6FD3-46FE-A9D0-96CB2C5AD222}.Debug|Any CPU.Build.0 = Debug|Any CPU
		{6A4932FF-6FD3-46FE-A9D0-96CB2C5AD222}.Release|Any CPU.ActiveCfg = Release|Any CPU
		{6A4932FF-6FD3-46FE-A9D0-96CB2C5AD222}.Release|Any CPU.Build.0 = Release|Any CPU
		{776D1951-4E84-4063-8DB0-D5B14E19AF42}.Debug|Any CPU.ActiveCfg = Debug|Any CPU
		{776D1951-4E84-4063-8DB0-D5B14E19AF42}.Debug|Any CPU.Build.0 = Debug|Any CPU
		{776D1951-4E84-4063-8DB0-D5B14E19AF42}.Release|Any CPU.ActiveCfg = Release|Any CPU
		{776D1951-4E84-4063-8DB0-D5B14E19AF42}.Release|Any CPU.Build.0 = Release|Any CPU
	EndGlobalSection
	GlobalSection(SolutionProperties) = preSolution
		HideSolutionNode = FALSE
	EndGlobalSection
	GlobalSection(NestedProjects) = preSolution
		{776D1951-4E84-4063-8DB0-D5B14E19AF42} = {1E0DC80C-04C4-421B-B5A3-9AF26967F90A}
	EndGlobalSection
	GlobalSection(ExtensibilityGlobals) = postSolution
		SolutionGuid = {17753825-D532-4B55-9165-975AA49C47F2}
	EndGlobalSection
EndGlobal
